
Microsoft Visual Studio Solution File, Format Version 12.00
# Visual Studio 15
VisualStudioVersion = 15.0.27428.2015
MinimumVisualStudioVersion = 10.0.40219.1
Project("{6EC3EE1D-3C4E-46DD-8F32-0CC8E7565705}") = "ElmInspiredOne", "src\ElmInspiredOne\ElmInspiredOne.fsproj", "{E23371E8-73CB-4419-9C25-6CEFBA6473EB}"
EndProject
Project("{6EC3EE1D-3C4E-46DD-8F32-0CC8E7565705}") = "ElmInspiredXF", "src\Xamarin\ElmInspiredOneXF\ElmInspiredXF.fsproj", "{255F0F3F-017E-4A5E-A241-7F89CC863FFE}"
EndProject
Project("{FAE04EC0-301F-11D3-BF4B-00C04F79EFBC}") = "ElmInspiredOneXF.Android", "src\Xamarin\ElmInspiredOneXF.Android\ElmInspiredOneXF.Android.csproj", "{C2DF4F07-CF88-4880-AC7C-F2D50DD2220F}"
EndProject
Project("{F2A71F9B-5D33-465A-A702-920D77279786}") = "ElmInspiredOneXF.Droid", "src\Xamarin\ElmInspiredOneXF.Droid\ElmInspiredOneXF.Droid.fsproj", "{011D191E-1C7B-406B-A828-F4D3D2AB0014}"
EndProject
Project("{F2A71F9B-5D33-465A-A702-920D77279786}") = "fsharp-forms-netstandard.Droid", "src\Xamarin\Droid\fsharp-forms-netstandard.Droid.fsproj", "{40016140-A47B-4AF2-9419-0B0A2B25ADA4}"
EndProject
Global
	GlobalSection(SolutionConfigurationPlatforms) = preSolution
		Debug|Any CPU = Debug|Any CPU
		Release|Any CPU = Release|Any CPU
	EndGlobalSection
	GlobalSection(ProjectConfigurationPlatforms) = postSolution
		{E23371E8-73CB-4419-9C25-6CEFBA6473EB}.Debug|Any CPU.ActiveCfg = Debug|Any CPU
		{E23371E8-73CB-4419-9C25-6CEFBA6473EB}.Debug|Any CPU.Build.0 = Debug|Any CPU
		{E23371E8-73CB-4419-9C25-6CEFBA6473EB}.Release|Any CPU.ActiveCfg = Release|Any CPU
		{E23371E8-73CB-4419-9C25-6CEFBA6473EB}.Release|Any CPU.Build.0 = Release|Any CPU
		{255F0F3F-017E-4A5E-A241-7F89CC863FFE}.Debug|Any CPU.ActiveCfg = Debug|Any CPU
		{255F0F3F-017E-4A5E-A241-7F89CC863FFE}.Debug|Any CPU.Build.0 = Debug|Any CPU
		{255F0F3F-017E-4A5E-A241-7F89CC863FFE}.Release|Any CPU.ActiveCfg = Release|Any CPU
		{255F0F3F-017E-4A5E-A241-7F89CC863FFE}.Release|Any CPU.Build.0 = Release|Any CPU
		{C2DF4F07-CF88-4880-AC7C-F2D50DD2220F}.Debug|Any CPU.ActiveCfg = Debug|Any CPU
		{C2DF4F07-CF88-4880-AC7C-F2D50DD2220F}.Debug|Any CPU.Build.0 = Debug|Any CPU
		{C2DF4F07-CF88-4880-AC7C-F2D50DD2220F}.Debug|Any CPU.Deploy.0 = Debug|Any CPU
		{C2DF4F07-CF88-4880-AC7C-F2D50DD2220F}.Release|Any CPU.ActiveCfg = Release|Any CPU
		{C2DF4F07-CF88-4880-AC7C-F2D50DD2220F}.Release|Any CPU.Build.0 = Release|Any CPU
		{C2DF4F07-CF88-4880-AC7C-F2D50DD2220F}.Release|Any CPU.Deploy.0 = Release|Any CPU
		{011D191E-1C7B-406B-A828-F4D3D2AB0014}.Debug|Any CPU.ActiveCfg = Debug|Any CPU
		{011D191E-1C7B-406B-A828-F4D3D2AB0014}.Debug|Any CPU.Build.0 = Debug|Any CPU
		{011D191E-1C7B-406B-A828-F4D3D2AB0014}.Debug|Any CPU.Deploy.0 = Debug|Any CPU
		{011D191E-1C7B-406B-A828-F4D3D2AB0014}.Release|Any CPU.ActiveCfg = Release|Any CPU
		{011D191E-1C7B-406B-A828-F4D3D2AB0014}.Release|Any CPU.Build.0 = Release|Any CPU
		{011D191E-1C7B-406B-A828-F4D3D2AB0014}.Release|Any CPU.Deploy.0 = Release|Any CPU
		{40016140-A47B-4AF2-9419-0B0A2B25ADA4}.Debug|Any CPU.ActiveCfg = Debug|Any CPU
		{40016140-A47B-4AF2-9419-0B0A2B25ADA4}.Debug|Any CPU.Build.0 = Debug|Any CPU
		{40016140-A47B-4AF2-9419-0B0A2B25ADA4}.Debug|Any CPU.Deploy.0 = Debug|Any CPU
		{40016140-A47B-4AF2-9419-0B0A2B25ADA4}.Release|Any CPU.ActiveCfg = Release|Any CPU
		{40016140-A47B-4AF2-9419-0B0A2B25ADA4}.Release|Any CPU.Build.0 = Release|Any CPU
		{40016140-A47B-4AF2-9419-0B0A2B25ADA4}.Release|Any CPU.Deploy.0 = Release|Any CPU
	EndGlobalSection
	GlobalSection(SolutionProperties) = preSolution
		HideSolutionNode = FALSE
	EndGlobalSection
	GlobalSection(ExtensibilityGlobals) = postSolution
		SolutionGuid = {E4237D18-C215-463F-AA13-636D1943762B}
	EndGlobalSection
EndGlobal
